
Microsoft Visual Studio Solution File, Format Version 12.00
# Visual Studio Version 17
VisualStudioVersion = 17.0.31903.59
MinimumVisualStudioVersion = 10.0.40219.1
Project("{FAE04EC0-301F-11D3-BF4B-00C04F79EFBC}") = "SoundTomeLedge.DbContext", "SoundTomeLedge.DbContext\SoundTomeLedge.DbContext.csproj", "{D6E8D23D-A29E-414A-95A3-BD7F9AA9C36F}"
EndProject
Project("{FAE04EC0-301F-11D3-BF4B-00C04F79EFBC}") = "SoundTomeLedge", "SoundTomeLedge.Server\SoundTomeLedge.csproj", "{CD6D0C93-1AE3-480F-9469-632CF2370CCF}"
EndProject
Global
	GlobalSection(SolutionProperties) = preSolution
		HideSolutionNode = FALSE
	EndGlobalSection
	GlobalSection(SolutionConfigurationPlatforms) = preSolution
		Debug|Any CPU = Debug|Any CPU
		Debug|x64 = Debug|x64
		Debug|x86 = Debug|x86
		Release|Any CPU = Release|Any CPU
		Release|x64 = Release|x64
		Release|x86 = Release|x86
	EndGlobalSection
	GlobalSection(ProjectConfigurationPlatforms) = postSolution
		{D6E8D23D-A29E-414A-95A3-BD7F9AA9C36F}.Debug|Any CPU.ActiveCfg = Debug|Any CPU
		{D6E8D23D-A29E-414A-95A3-BD7F9AA9C36F}.Debug|Any CPU.Build.0 = Debug|Any CPU
		{D6E8D23D-A29E-414A-95A3-BD7F9AA9C36F}.Debug|x64.ActiveCfg = Debug|Any CPU
		{D6E8D23D-A29E-414A-95A3-BD7F9AA9C36F}.Debug|x64.Build.0 = Debug|Any CPU
		{D6E8D23D-A29E-414A-95A3-BD7F9AA9C36F}.Debug|x86.ActiveCfg = Debug|Any CPU
		{D6E8D23D-A29E-414A-95A3-BD7F9AA9C36F}.Debug|x86.Build.0 = Debug|Any CPU
		{D6E8D23D-A29E-414A-95A3-BD7F9AA9C36F}.Release|Any CPU.ActiveCfg = Release|Any CPU
		{D6E8D23D-A29E-414A-95A3-BD7F9AA9C36F}.Release|Any CPU.Build.0 = Release|Any CPU
		{D6E8D23D-A29E-414A-95A3-BD7F9AA9C36F}.Release|x64.ActiveCfg = Release|Any CPU
		{D6E8D23D-A29E-414A-95A3-BD7F9AA9C36F}.Release|x64.Build.0 = Release|Any CPU
		{D6E8D23D-A29E-414A-95A3-BD7F9AA9C36F}.Release|x86.ActiveCfg = Release|Any CPU
		{D6E8D23D-A29E-414A-95A3-BD7F9AA9C36F}.Release|x86.Build.0 = Release|Any CPU
		{CD6D0C93-1AE3-480F-9469-632CF2370CCF}.Debug|Any CPU.ActiveCfg = Debug|Any CPU
		{CD6D0C93-1AE3-480F-9469-632CF2370CCF}.Debug|Any CPU.Build.0 = Debug|Any CPU
		{CD6D0C93-1AE3-480F-9469-632CF2370CCF}.Debug|x64.ActiveCfg = Debug|Any CPU
		{CD6D0C93-1AE3-480F-9469-632CF2370CCF}.Debug|x64.Build.0 = Debug|Any CPU
		{CD6D0C93-1AE3-480F-9469-632CF2370CCF}.Debug|x86.ActiveCfg = Debug|Any CPU
		{CD6D0C93-1AE3-480F-9469-632CF2370CCF}.Debug|x86.Build.0 = Debug|Any CPU
		{CD6D0C93-1AE3-480F-9469-632CF2370CCF}.Release|Any CPU.ActiveCfg = Release|Any CPU
		{CD6D0C93-1AE3-480F-9469-632CF2370CCF}.Release|Any CPU.Build.0 = Release|Any CPU
		{CD6D0C93-1AE3-480F-9469-632CF2370CCF}.Release|x64.ActiveCfg = Release|Any CPU
		{CD6D0C93-1AE3-480F-9469-632CF2370CCF}.Release|x64.Build.0 = Release|Any CPU
		{CD6D0C93-1AE3-480F-9469-632CF2370CCF}.Release|x86.ActiveCfg = Release|Any CPU
		{CD6D0C93-1AE3-480F-9469-632CF2370CCF}.Release|x86.Build.0 = Release|Any CPU
	EndGlobalSection
EndGlobal
